
Microsoft Visual Studio Solution File, Format Version 12.00
# Visual Studio Version 17
VisualStudioVersion = 17.8.34408.163
MinimumVisualStudioVersion = 10.0.40219.1
Project("{2150E333-8FDC-42A3-9474-1A3956D46DE8}") = "Infrastructure", "Infrastructure", "{B728F920-879A-41A4-BAF6-5CB852D21F04}"
EndProject
Project("{2150E333-8FDC-42A3-9474-1A3956D46DE8}") = "Core", "Core", "{2A212D7A-C7A2-4B50-B442-558628FE408C}"
EndProject
Project("{2150E333-8FDC-42A3-9474-1A3956D46DE8}") = "Presentation", "Presentation", "{6442B39E-9412-4AE8-A4A1-472D7FD2E800}"
EndProject
Project("{2150E333-8FDC-42A3-9474-1A3956D46DE8}") = "Tests", "Tests", "{884F75B5-EA8C-4BFE-925F-C0FD5FFD94C7}"
EndProject
Project("{9A19103F-16F7-4668-BE54-9A1E7A4F7556}") = "CourseTech.DAL", "CourseTech.DAL\CourseTech.DAL.csproj", "{F7484F48-2076-4DFC-9B16-88F8006AD13C}"
EndProject
Project("{9A19103F-16F7-4668-BE54-9A1E7A4F7556}") = "CourseTech.Domain", "CourseTech.Domain\CourseTech.Domain.csproj", "{4EC9D37C-5116-4C9F-80C2-B97260D5DAF4}"
EndProject
Project("{9A19103F-16F7-4668-BE54-9A1E7A4F7556}") = "CourseTech.Application", "CourseTech.Application\CourseTech.Application.csproj", "{2DCD8BD9-AA25-4113-B229-79F6D2BC165C}"
EndProject
Project("{9A19103F-16F7-4668-BE54-9A1E7A4F7556}") = "CourseTech.Tests", "CourseTech.UnitTests\CourseTech.Tests.csproj", "{9246BB7A-C2FD-425B-9F42-8DC5E2750D33}"
EndProject
Project("{9A19103F-16F7-4668-BE54-9A1E7A4F7556}") = "CourseTech.WebApi", "CourseTech.WebApi\CourseTech.WebApi.csproj", "{62B3CDF4-FD3B-47CA-9B5B-CC4AB917826E}"
EndProject
Project("{2150E333-8FDC-42A3-9474-1A3956D46DE8}") = "Solution Items", "Solution Items", "{29B840D9-FA25-44F1-ACB1-84F2E1B805F8}"
	ProjectSection(SolutionItems) = preProject
		prometheus.yml = prometheus.yml
	EndProjectSection
EndProject
Project("{E53339B2-1760-4266-BCC7-CA923CBCF16C}") = "docker-compose", "docker-compose.dcproj", "{B86F6551-E790-45D2-A8B3-9C3323F420CE}"
EndProject
Global
	GlobalSection(SolutionConfigurationPlatforms) = preSolution
		Debug|Any CPU = Debug|Any CPU
		Release|Any CPU = Release|Any CPU
	EndGlobalSection
	GlobalSection(ProjectConfigurationPlatforms) = postSolution
		{F7484F48-2076-4DFC-9B16-88F8006AD13C}.Debug|Any CPU.ActiveCfg = Debug|Any CPU
		{F7484F48-2076-4DFC-9B16-88F8006AD13C}.Debug|Any CPU.Build.0 = Debug|Any CPU
		{F7484F48-2076-4DFC-9B16-88F8006AD13C}.Release|Any CPU.ActiveCfg = Release|Any CPU
		{F7484F48-2076-4DFC-9B16-88F8006AD13C}.Release|Any CPU.Build.0 = Release|Any CPU
		{4EC9D37C-5116-4C9F-80C2-B97260D5DAF4}.Debug|Any CPU.ActiveCfg = Debug|Any CPU
		{4EC9D37C-5116-4C9F-80C2-B97260D5DAF4}.Debug|Any CPU.Build.0 = Debug|Any CPU
		{4EC9D37C-5116-4C9F-80C2-B97260D5DAF4}.Release|Any CPU.ActiveCfg = Release|Any CPU
		{4EC9D37C-5116-4C9F-80C2-B97260D5DAF4}.Release|Any CPU.Build.0 = Release|Any CPU
		{2DCD8BD9-AA25-4113-B229-79F6D2BC165C}.Debug|Any CPU.ActiveCfg = Debug|Any CPU
		{2DCD8BD9-AA25-4113-B229-79F6D2BC165C}.Debug|Any CPU.Build.0 = Debug|Any CPU
		{2DCD8BD9-AA25-4113-B229-79F6D2BC165C}.Release|Any CPU.ActiveCfg = Release|Any CPU
		{2DCD8BD9-AA25-4113-B229-79F6D2BC165C}.Release|Any CPU.Build.0 = Release|Any CPU
		{9246BB7A-C2FD-425B-9F42-8DC5E2750D33}.Debug|Any CPU.ActiveCfg = Debug|Any CPU
		{9246BB7A-C2FD-425B-9F42-8DC5E2750D33}.Debug|Any CPU.Build.0 = Debug|Any CPU
		{9246BB7A-C2FD-425B-9F42-8DC5E2750D33}.Release|Any CPU.ActiveCfg = Release|Any CPU
		{9246BB7A-C2FD-425B-9F42-8DC5E2750D33}.Release|Any CPU.Build.0 = Release|Any CPU
		{62B3CDF4-FD3B-47CA-9B5B-CC4AB917826E}.Debug|Any CPU.ActiveCfg = Debug|Any CPU
		{62B3CDF4-FD3B-47CA-9B5B-CC4AB917826E}.Debug|Any CPU.Build.0 = Debug|Any CPU
		{62B3CDF4-FD3B-47CA-9B5B-CC4AB917826E}.Release|Any CPU.ActiveCfg = Release|Any CPU
		{62B3CDF4-FD3B-47CA-9B5B-CC4AB917826E}.Release|Any CPU.Build.0 = Release|Any CPU
		{B86F6551-E790-45D2-A8B3-9C3323F420CE}.Debug|Any CPU.ActiveCfg = Debug|Any CPU
		{B86F6551-E790-45D2-A8B3-9C3323F420CE}.Debug|Any CPU.Build.0 = Debug|Any CPU
		{B86F6551-E790-45D2-A8B3-9C3323F420CE}.Release|Any CPU.ActiveCfg = Release|Any CPU
		{B86F6551-E790-45D2-A8B3-9C3323F420CE}.Release|Any CPU.Build.0 = Release|Any CPU
	EndGlobalSection
	GlobalSection(SolutionProperties) = preSolution
		HideSolutionNode = FALSE
	EndGlobalSection
	GlobalSection(NestedProjects) = preSolution
		{F7484F48-2076-4DFC-9B16-88F8006AD13C} = {B728F920-879A-41A4-BAF6-5CB852D21F04}
		{4EC9D37C-5116-4C9F-80C2-B97260D5DAF4} = {2A212D7A-C7A2-4B50-B442-558628FE408C}
		{2DCD8BD9-AA25-4113-B229-79F6D2BC165C} = {2A212D7A-C7A2-4B50-B442-558628FE408C}
		{9246BB7A-C2FD-425B-9F42-8DC5E2750D33} = {884F75B5-EA8C-4BFE-925F-C0FD5FFD94C7}
		{62B3CDF4-FD3B-47CA-9B5B-CC4AB917826E} = {6442B39E-9412-4AE8-A4A1-472D7FD2E800}
		{B86F6551-E790-45D2-A8B3-9C3323F420CE} = {29B840D9-FA25-44F1-ACB1-84F2E1B805F8}
	EndGlobalSection
	GlobalSection(ExtensibilityGlobals) = postSolution
		SolutionGuid = {32356B9B-8670-43AC-8028-68C4282CB9B9}
	EndGlobalSection
EndGlobal
